schema: '2.0'
stages:
  prepare:
    cmd: python src/stroke_prediction/preprocess.py data/raw/healthcare-dataset-stroke-data.csv
      data/processed/ -y
    deps:
    - path: data/raw/healthcare-dataset-stroke-data.csv
      hash: md5
      md5: 3f25a4c2f2963d969e1a156c08968577
      size: 316971
    - path: src/stroke_prediction/preprocess.py
      hash: md5
      md5: 5135129a37ef93fabfa750ce797d0890
      size: 5817
    outs:
    - path: data/processed/test-stroke-data.feather
      hash: md5
      md5: 4f7552f2b160a5133e65cdc790d425a6
      size: 29210
    - path: data/processed/train-stroke-data.feather
      hash: md5
      md5: 6ccc24aec3e688c616311e697ed54d92
      size: 88866
