schema: '2.0'
stages:
  prepare:
    cmd: python src/stroke_prediction/preprocess.py data/raw/healthcare-dataset-stroke-data.csv
      data/processed/ -y
    deps:
    - path: data/raw/healthcare-dataset-stroke-data.csv
      hash: md5
      md5: 3f25a4c2f2963d969e1a156c08968577
      size: 316971
    - path: src/stroke_prediction/preprocess.py
      hash: md5
      md5: d8274708e4846fb246ca13bd84b62402
      size: 5817
    outs:
    - path: data/processed/test-stroke-data.parquet
      hash: md5
      md5: 0e4759fe2a29375b47429d6b49bdab6a
      size: 24005
    - path: data/processed/train-stroke-data.parquet
      hash: md5
      md5: d162ca42c96607a25a71e0743f8784ef
      size: 79716
